// !$*UTF8*$!
{
	archiveVersion = 1;
	classes = {
	};
	objectVersion = 46;
	objects = {

/* Begin PBXBuildFile section */
		0782944CACB82443FCAB7FFE /* Pods_Flicks.framework in Frameworks */ = {isa = PBXBuildFile; fileRef = CE3DA8E668C9D0B2F0A3FA35 /* Pods_Flicks.framework */; };
		ED1DE53E1C4419B300C66561 /* MovieCell.swift in Sources */ = {isa = PBXBuildFile; fileRef = ED1DE53D1C4419B300C66561 /* MovieCell.swift */; };
		ED8A529B1C3C9F3B00B20478 /* AppDelegate.swift in Sources */ = {isa = PBXBuildFile; fileRef = ED8A529A1C3C9F3B00B20478 /* AppDelegate.swift */; };
		ED8A52A01C3C9F3B00B20478 /* Main.storyboard in Resources */ = {isa = PBXBuildFile; fileRef = ED8A529E1C3C9F3B00B20478 /* Main.storyboard */; };
		ED8A52A21C3C9F3B00B20478 /* Assets.xcassets in Resources */ = {isa = PBXBuildFile; fileRef = ED8A52A11C3C9F3B00B20478 /* Assets.xcassets */; };
		ED8A52A51C3C9F3B00B20478 /* LaunchScreen.storyboard in Resources */ = {isa = PBXBuildFile; fileRef = ED8A52A31C3C9F3B00B20478 /* LaunchScreen.storyboard */; };
		ED8A52AD1C3CA3E200B20478 /* MoviesViewController.swift in Sources */ = {isa = PBXBuildFile; fileRef = ED8A52AC1C3CA3E200B20478 /* MoviesViewController.swift */; };
/* End PBXBuildFile section */

/* Begin PBXFileReference section */
		99D50ACB0AC06F5A5118E3F5 /* Pods-Flicks.release.xcconfig */ = {isa = PBXFileReference; includeInIndex = 1; lastKnownFileType = text.xcconfig; name = "Pods-Flicks.release.xcconfig"; path = "Pods/Target Support Files/Pods-Flicks/Pods-Flicks.release.xcconfig"; sourceTree = "<group>"; };
		B494E8509B23690E18C3C474 /* Pods-Flicks.debug.xcconfig */ = {isa = PBXFileReference; includeInIndex = 1; lastKnownFileType = text.xcconfig; name = "Pods-Flicks.debug.xcconfig"; path = "Pods/Target Support Files/Pods-Flicks/Pods-Flicks.debug.xcconfig"; sourceTree = "<group>"; };
		CE3DA8E668C9D0B2F0A3FA35 /* Pods_Flicks.framework */ = {isa = PBXFileReference; explicitFileType = wrapper.framework; includeInIndex = 0; path = Pods_Flicks.framework; sourceTree = BUILT_PRODUCTS_DIR; };
		ED1DE53D1C4419B300C66561 /* MovieCell.swift */ = {isa = PBXFileReference; fileEncoding = 4; lastKnownFileType = sourcecode.swift; path = MovieCell.swift; sourceTree = "<group>"; };
		ED8A52971C3C9F3B00B20478 /* Flicks.app */ = {isa = PBXFileReference; explicitFileType = wrapper.application; includeInIndex = 0; path = Flicks.app; sourceTree = BUILT_PRODUCTS_DIR; };
		ED8A529A1C3C9F3B00B20478 /* AppDelegate.swift */ = {isa = PBXFileReference; lastKnownFileType = sourcecode.swift; path = AppDelegate.swift; sourceTree = "<group>"; };
		ED8A529F1C3C9F3B00B20478 /* Base */ = {isa = PBXFileReference; lastKnownFileType = file.storyboard; name = Base; path = Base.lproj/Main.storyboard; sourceTree = "<group>"; };
		ED8A52A11C3C9F3B00B20478 /* Assets.xcassets */ = {isa = PBXFileReference; lastKnownFileType = folder.assetcatalog; path = Assets.xcassets; sourceTree = "<group>"; };
		ED8A52A41C3C9F3B00B20478 /* Base */ = {isa = PBXFileReference; lastKnownFileType = file.storyboard; name = Base; path = Base.lproj/LaunchScreen.storyboard; sourceTree = "<group>"; };
		ED8A52A61C3C9F3B00B20478 /* Info.plist */ = {isa = PBXFileReference; lastKnownFileType = text.plist.xml; path = Info.plist; sourceTree = "<group>"; };
		ED8A52AC1C3CA3E200B20478 /* MoviesViewController.swift */ = {isa = PBXFileReference; fileEncoding = 4; lastKnownFileType = sourcecode.swift; path = MoviesViewController.swift; sourceTree = "<group>"; };
/* End PBXFileReference section */

/* Begin PBXFrameworksBuildPhase section */
		ED8A52941C3C9F3B00B20478 /* Frameworks */ = {
			isa = PBXFrameworksBuildPhase;
			buildActionMask = 2147483647;
			files = (
				0782944CACB82443FCAB7FFE /* Pods_Flicks.framework in Frameworks */,
			);
			runOnlyForDeploymentPostprocessing = 0;
		};
/* End PBXFrameworksBuildPhase section */

/* Begin PBXGroup section */
		3F41213B2D8F7B226A0B68A4 /* Frameworks */ = {
			isa = PBXGroup;
			children = (
				CE3DA8E668C9D0B2F0A3FA35 /* Pods_Flicks.framework */,
			);
			name = Frameworks;
			sourceTree = "<group>";
		};
		DF0EAF5270CBA5E99B1C10C1 /* Pods */ = {
			isa = PBXGroup;
			children = (
				B494E8509B23690E18C3C474 /* Pods-Flicks.debug.xcconfig */,
				99D50ACB0AC06F5A5118E3F5 /* Pods-Flicks.release.xcconfig */,
			);
			name = Pods;
			sourceTree = "<group>";
		};
		ED1DE53C1C44196300C66561 /* Views */ = {
			isa = PBXGroup;
			children = (
				ED1DE53D1C4419B300C66561 /* MovieCell.swift */,
			);
			name = Views;
			sourceTree = "<group>";
		};
		ED1DE53F1C4419BB00C66561 /* view controllers */ = {
			isa = PBXGroup;
			children = (
				ED8A52AC1C3CA3E200B20478 /* MoviesViewController.swift */,
			);
			name = "view controllers";
			sourceTree = "<group>";
		};
		ED8A528E1C3C9F3B00B20478 = {
			isa = PBXGroup;
			children = (
				ED8A52991C3C9F3B00B20478 /* Flicks */,
				ED8A52981C3C9F3B00B20478 /* Products */,
				DF0EAF5270CBA5E99B1C10C1 /* Pods */,
				3F41213B2D8F7B226A0B68A4 /* Frameworks */,
			);
			sourceTree = "<group>";
		};
		ED8A52981C3C9F3B00B20478 /* Products */ = {
			isa = PBXGroup;
			children = (
				ED8A52971C3C9F3B00B20478 /* Flicks.app */,
			);
			name = Products;
			sourceTree = "<group>";
		};
		ED8A52991C3C9F3B00B20478 /* Flicks */ = {
			isa = PBXGroup;
			children = (
				ED1DE53F1C4419BB00C66561 /* view controllers */,
				ED1DE53C1C44196300C66561 /* Views */,
				ED8A529A1C3C9F3B00B20478 /* AppDelegate.swift */,
				ED8A529E1C3C9F3B00B20478 /* Main.storyboard */,
				ED8A52A11C3C9F3B00B20478 /* Assets.xcassets */,
				ED8A52A31C3C9F3B00B20478 /* LaunchScreen.storyboard */,
				ED8A52A61C3C9F3B00B20478 /* Info.plist */,
			);
			path = Flicks;
			sourceTree = "<group>";
		};
/* End PBXGroup section */

/* Begin PBXNativeTarget section */
		ED8A52961C3C9F3B00B20478 /* Flicks */ = {
			isa = PBXNativeTarget;
			buildConfigurationList = ED8A52A91C3C9F3B00B20478 /* Build configuration list for PBXNativeTarget "Flicks" */;
			buildPhases = (
				449DBA70578C75C9BBC81A89 /* Check Pods Manifest.lock */,
				ED8A52931C3C9F3B00B20478 /* Sources */,
				ED8A52941C3C9F3B00B20478 /* Frameworks */,
				ED8A52951C3C9F3B00B20478 /* Resources */,
				CE8135CD2CE2BA15A08DD0E0 /* Embed Pods Frameworks */,
				920032C30A3B9BAC6F9D165C /* Copy Pods Resources */,
			);
			buildRules = (
			);
			dependencies = (
			);
			name = Flicks;
			productName = Flicks;
			productReference = ED8A52971C3C9F3B00B20478 /* Flicks.app */;
			productType = "com.apple.product-type.application";
		};
/* End PBXNativeTarget section */

/* Begin PBXProject section */
		ED8A528F1C3C9F3B00B20478 /* Project object */ = {
			isa = PBXProject;
			attributes = {
				LastSwiftUpdateCheck = 0720;
				LastUpgradeCheck = 0720;
				ORGANIZATIONNAME = codepath;
				TargetAttributes = {
					ED8A52961C3C9F3B00B20478 = {
						CreatedOnToolsVersion = 7.2;
					};
				};
			};
			buildConfigurationList = ED8A52921C3C9F3B00B20478 /* Build configuration list for PBXProject "Flicks" */;
			compatibilityVersion = "Xcode 3.2";
			developmentRegion = English;
			hasScannedForEncodings = 0;
			knownRegions = (
				en,
				Base,
			);
			mainGroup = ED8A528E1C3C9F3B00B20478;
			productRefGroup = ED8A52981C3C9F3B00B20478 /* Products */;
			projectDirPath = "";
			projectRoot = "";
			targets = (
				ED8A52961C3C9F3B00B20478 /* Flicks */,
			);
		};
/* End PBXProject section */

/* Begin PBXResourcesBuildPhase section */
		ED8A52951C3C9F3B00B20478 /* Resources */ = {
			isa = PBXResourcesBuildPhase;
			buildActionMask = 2147483647;
			files = (
				ED8A52A51C3C9F3B00B20478 /* LaunchScreen.storyboard in Resources */,
				ED8A52A21C3C9F3B00B20478 /* Assets.xcassets in Resources */,
				ED8A52A01C3C9F3B00B20478 /* Main.storyboard in Resources */,
			);
			runOnlyForDeploymentPostprocessing = 0;
		};
/* End PBXResourcesBuildPhase section */

/* Begin PBXShellScriptBuildPhase section */
		449DBA70578C75C9BBC81A89 /* Check Pods Manifest.lock */ = {
			isa = PBXShellScriptBuildPhase;
			buildActionMask = 2147483647;
			files = (
			);
			inputPaths = (
			);
			name = "Check Pods Manifest.lock";
			outputPaths = (
			);
			runOnlyForDeploymentPostprocessing = 0;
			shellPath = /bin/sh;
			shellScript = "diff \"${PODS_ROOT}/../Podfile.lock\" \"${PODS_ROOT}/Manifest.lock\" > /dev/null\nif [[ $? != 0 ]] ; then\n    cat << EOM\nerror: The sandbox is not in sync with the Podfile.lock. Run 'pod install' or update your CocoaPods installation.\nEOM\n    exit 1\nfi\n";
			showEnvVarsInLog = 0;
		};
		920032C30A3B9BAC6F9D165C /* Copy Pods Resources */ = {
			isa = PBXShellScriptBuildPhase;
			buildActionMask = 2147483647;
			files = (
			);
			inputPaths = (
			);
			name = "Copy Pods Resources";
			outputPaths = (
			);
			runOnlyForDeploymentPostprocessing = 0;
			shellPath = /bin/sh;
			shellScript = "\"${SRCROOT}/Pods/Target Support Files/Pods-Flicks/Pods-Flicks-resources.sh\"\n";
			showEnvVarsInLog = 0;
		};
		CE8135CD2CE2BA15A08DD0E0 /* Embed Pods Frameworks */ = {
			isa = PBXShellScriptBuildPhase;
			buildActionMask = 2147483647;
			files = (
			);
			inputPaths = (
			);
			name = "Embed Pods Frameworks";
			outputPaths = (
			);
			runOnlyForDeploymentPostprocessing = 0;
			shellPath = /bin/sh;
			shellScript = "\"${SRCROOT}/Pods/Target Support Files/Pods-Flicks/Pods-Flicks-frameworks.sh\"\n";
			showEnvVarsInLog = 0;
		};
/* End PBXShellScriptBuildPhase section */

/* Begin PBXSourcesBuildPhase section */
		ED8A52931C3C9F3B00B20478 /* Sources */ = {
			isa = PBXSourcesBuildPhase;
			buildActionMask = 2147483647;
			files = (
				ED8A529B1C3C9F3B00B20478 /* AppDelegate.swift in Sources */,
				ED8A52AD1C3CA3E200B20478 /* MoviesViewController.swift in Sources */,
				ED1DE53E1C4419B300C66561 /* MovieCell.swift in Sources */,
			);
			runOnlyForDeploymentPostprocessing = 0;
		};
/* End PBXSourcesBuildPhase section */

/* Begin PBXVariantGroup section */
		ED8A529E1C3C9F3B00B20478 /* Main.storyboard */ = {
			isa = PBXVariantGroup;
			children = (
				ED8A529F1C3C9F3B00B20478 /* Base */,
			);
			name = Main.storyboard;
			sourceTree = "<group>";
		};
		ED8A52A31C3C9F3B00B20478 /* LaunchScreen.storyboard */ = {
			isa = PBXVariantGroup;
			children = (
				ED8A52A41C3C9F3B00B20478 /* Base */,
			);
			name = LaunchScreen.storyboard;
			sourceTree = "<group>";
		};
/* End PBXVariantGroup section */

/* Begin XCBuildConfiguration section */
		ED8A52A71C3C9F3B00B20478 /* Debug */ = {
			isa = XCBuildConfiguration;
			buildSettings = {
				ALWAYS_SEARCH_USER_PATHS = NO;
				CLANG_CXX_LANGUAGE_STANDARD = "gnu++0x";
				CLANG_CXX_LIBRARY = "libc++";
				CLANG_ENABLE_MODULES = YES;
				CLANG_ENABLE_OBJC_ARC = YES;
				CLANG_WARN_BOOL_CONVERSION = YES;
				CLANG_WARN_CONSTANT_CONVERSION = YES;
				CLANG_WARN_DIRECT_OBJC_ISA_USAGE = YES_ERROR;
				CLANG_WARN_EMPTY_BODY = YES;
				CLANG_WARN_ENUM_CONVERSION = YES;
				CLANG_WARN_INT_CONVERSION = YES;
				CLANG_WARN_OBJC_ROOT_CLASS = YES_ERROR;
				CLANG_WARN_UNREACHABLE_CODE = YES;
				CLANG_WARN__DUPLICATE_METHOD_MATCH = YES;
				"CODE_SIGN_IDENTITY[sdk=iphoneos*]" = "iPhone Developer";
				COPY_PHASE_STRIP = NO;
				DEBUG_INFORMATION_FORMAT = dwarf;
				ENABLE_STRICT_OBJC_MSGSEND = YES;
				ENABLE_TESTABILITY = YES;
				GCC_C_LANGUAGE_STANDARD = gnu99;
				GCC_DYNAMIC_NO_PIC = NO;
				GCC_NO_COMMON_BLOCKS = YES;
				GCC_OPTIMIZATION_LEVEL = 0;
				GCC_PREPROCESSOR_DEFINITIONS = (
					"DEBUG=1",
					"$(inherited)",
				);
				GCC_WARN_64_TO_32_BIT_CONVERSION = YES;
				GCC_WARN_ABOUT_RETURN_TYPE = YES_ERROR;
				GCC_WARN_UNDECLARED_SELECTOR = YES;
				GCC_WARN_UNINITIALIZED_AUTOS = YES_AGGRESSIVE;
				GCC_WARN_UNUSED_FUNCTION = YES;
				GCC_WARN_UNUSED_VARIABLE = YES;
				IPHONEOS_DEPLOYMENT_TARGET = 9.2;
				MTL_ENABLE_DEBUG_INFO = YES;
				ONLY_ACTIVE_ARCH = YES;
				SDKROOT = iphoneos;
				SWIFT_OPTIMIZATION_LEVEL = "-Onone";
			};
			name = Debug;
		};
		ED8A52A81C3C9F3B00B20478 /* Release */ = {
			isa = XCBuildConfiguration;
			buildSettings = {
				ALWAYS_SEARCH_USER_PATHS = NO;
				CLANG_CXX_LANGUAGE_STANDARD = "gnu++0x";
				CLANG_CXX_LIBRARY = "libc++";
				CLANG_ENABLE_MODULES = YES;
				CLANG_ENABLE_OBJC_ARC = YES;
				CLANG_WARN_BOOL_CONVERSION = YES;
				CLANG_WARN_CONSTANT_CONVERSION = YES;
				CLANG_WARN_DIRECT_OBJC_ISA_USAGE = YES_ERROR;
				CLANG_WARN_EMPTY_BODY = YES;
				CLANG_WARN_ENUM_CONVERSION = YES;
				CLANG_WARN_INT_CONVERSION = YES;
				CLANG_WARN_OBJC_ROOT_CLASS = YES_ERROR;
				CLANG_WARN_UNREACHABLE_CODE = YES;
				CLANG_WARN__DUPLICATE_METHOD_MATCH = YES;
				"CODE_SIGN_IDENTITY[sdk=iphoneos*]" = "iPhone Developer";
				COPY_PHASE_STRIP = NO;
				DEBUG_INFORMATION_FORMAT = "dwarf-with-dsym";
				ENABLE_NS_ASSERTIONS = NO;
				ENABLE_STRICT_OBJC_MSGSEND = YES;
				GCC_C_LANGUAGE_STANDARD = gnu99;
				GCC_NO_COMMON_BLOCKS = YES;
				GCC_WARN_64_TO_32_BIT_CONVERSION = YES;
				GCC_WARN_ABOUT_RETURN_TYPE = YES_ERROR;
				GCC_WARN_UNDECLARED_SELECTOR = YES;
				GCC_WARN_UNINITIALIZED_AUTOS = YES_AGGRESSIVE;
				GCC_WARN_UNUSED_FUNCTION = YES;
				GCC_WARN_UNUSED_VARIABLE = YES;
				IPHONEOS_DEPLOYMENT_TARGET = 9.2;
				MTL_ENABLE_DEBUG_INFO = NO;
				SDKROOT = iphoneos;
				VALIDATE_PRODUCT = YES;
			};
			name = Release;
		};
		ED8A52AA1C3C9F3B00B20478 /* Debug */ = {
			isa = XCBuildConfiguration;
			baseConfigurationReference = B494E8509B23690E18C3C474 /* Pods-Flicks.debug.xcconfig */;
			buildSettings = {
				ASSETCATALOG_COMPILER_APPICON_NAME = AppIcon;
				INFOPLIST_FILE = Flicks/Info.plist;
				LD_RUNPATH_SEARCH_PATHS = "$(inherited) @executable_path/Frameworks";
				PRODUCT_BUNDLE_IDENTIFIER = com.codepath.Flicks;
				PRODUCT_NAME = "$(TARGET_NAME)";
			};
			name = Debug;
		};
		ED8A52AB1C3C9F3B00B20478 /* Release */ = {
			isa = XCBuildConfiguration;
			baseConfigurationReference = 99D50ACB0AC06F5A5118E3F5 /* Pods-Flicks.release.xcconfig */;
			buildSettings = {
				ASSETCATALOG_COMPILER_APPICON_NAME = AppIcon;
				INFOPLIST_FILE = Flicks/Info.plist;
				LD_RUNPATH_SEARCH_PATHS = "$(inherited) @executable_path/Frameworks";
				PRODUCT_BUNDLE_IDENTIFIER = com.codepath.Flicks;
				PRODUCT_NAME = "$(TARGET_NAME)";
			};
			name = Release;
		};
/* End XCBuildConfiguration section */

/* Begin XCConfigurationList section */
		ED8A52921C3C9F3B00B20478 /* Build configuration list for PBXProject "Flicks" */ = {
			isa = XCConfigurationList;
			buildConfigurations = (
				ED8A52A71C3C9F3B00B20478 /* Debug */,
				ED8A52A81C3C9F3B00B20478 /* Release */,
			);
			defaultConfigurationIsVisible = 0;
			defaultConfigurationName = Release;
		};
		ED8A52A91C3C9F3B00B20478 /* Build configuration list for PBXNativeTarget "Flicks" */ = {
			isa = XCConfigurationList;
			buildConfigurations = (
				ED8A52AA1C3C9F3B00B20478 /* Debug */,
				ED8A52AB1C3C9F3B00B20478 /* Release */,
			);
			defaultConfigurationIsVisible = 0;
			defaultConfigurationName = Release;
		};
/* End XCConfigurationList section */
	};
	rootObject = ED8A528F1C3C9F3B00B20478 /* Project object */;
}
